
Microsoft Visual Studio Solution File, Format Version 12.00
# Visual Studio Version 17
VisualStudioVersion = 17.9.34607.119
MinimumVisualStudioVersion = 10.0.40219.1
Project("{9A19103F-16F7-4668-BE54-9A1E7A4F7556}") = "CustomDoublyLinkedList", "CustomDoublyLinkedList\CustomDoublyLinkedList.csproj", "{08C32F5B-B784-4049-A221-18F5733FAC81}"
EndProject
Project("{FAE04EC0-301F-11D3-BF4B-00C04F79EFBC}") = "CustomStack", "CustomStack\CustomStack.csproj", "{F75FAC15-ED3E-44EB-BFAA-DF32EBA516AB}"
EndProject
Global
	GlobalSection(SolutionConfigurationPlatforms) = preSolution
		Debug|Any CPU = Debug|Any CPU
		Release|Any CPU = Release|Any CPU
	EndGlobalSection
	GlobalSection(ProjectConfigurationPlatforms) = postSolution
		{08C32F5B-B784-4049-A221-18F5733FAC81}.Debug|Any CPU.ActiveCfg = Debug|Any CPU
		{08C32F5B-B784-4049-A221-18F5733FAC81}.Debug|Any CPU.Build.0 = Debug|Any CPU
		{08C32F5B-B784-4049-A221-18F5733FAC81}.Release|Any CPU.ActiveCfg = Release|Any CPU
		{08C32F5B-B784-4049-A221-18F5733FAC81}.Release|Any CPU.Build.0 = Release|Any CPU
		{F75FAC15-ED3E-44EB-BFAA-DF32EBA516AB}.Debug|Any CPU.ActiveCfg = Debug|Any CPU
		{F75FAC15-ED3E-44EB-BFAA-DF32EBA516AB}.Debug|Any CPU.Build.0 = Debug|Any CPU
		{F75FAC15-ED3E-44EB-BFAA-DF32EBA516AB}.Release|Any CPU.ActiveCfg = Release|Any CPU
		{F75FAC15-ED3E-44EB-BFAA-DF32EBA516AB}.Release|Any CPU.Build.0 = Release|Any CPU
	EndGlobalSection
	GlobalSection(SolutionProperties) = preSolution
		HideSolutionNode = FALSE
	EndGlobalSection
	GlobalSection(ExtensibilityGlobals) = postSolution
		SolutionGuid = {7322779A-E9BC-4EE1-B552-FDD930A4D2AE}
	EndGlobalSection
EndGlobal
