
Microsoft Visual Studio Solution File, Format Version 12.00
# Visual Studio Version 17
VisualStudioVersion = 17.9.34607.119
MinimumVisualStudioVersion = 10.0.40219.1
Project("{FAE04EC0-301F-11D3-BF4B-00C04F79EFBC}") = "Box", "Box\Box.csproj", "{577CAEA6-119C-407A-8694-A98F695A6D63}"
EndProject
Project("{FAE04EC0-301F-11D3-BF4B-00C04F79EFBC}") = "GenericArrayCreator", "GenericArrayCreator\GenericArrayCreator.csproj", "{71FD6FBB-8045-4B51-86FB-681E496F35C2}"
EndProject
Project("{FAE04EC0-301F-11D3-BF4B-00C04F79EFBC}") = "GenericScale", "GenericScale\GenericScale.csproj", "{23FC9006-C760-4A4F-9482-A1AE6FDDA027}"
EndProject
Global
	GlobalSection(SolutionConfigurationPlatforms) = preSolution
		Debug|Any CPU = Debug|Any CPU
		Release|Any CPU = Release|Any CPU
	EndGlobalSection
	GlobalSection(ProjectConfigurationPlatforms) = postSolution
		{577CAEA6-119C-407A-8694-A98F695A6D63}.Debug|Any CPU.ActiveCfg = Debug|Any CPU
		{577CAEA6-119C-407A-8694-A98F695A6D63}.Debug|Any CPU.Build.0 = Debug|Any CPU
		{577CAEA6-119C-407A-8694-A98F695A6D63}.Release|Any CPU.ActiveCfg = Release|Any CPU
		{577CAEA6-119C-407A-8694-A98F695A6D63}.Release|Any CPU.Build.0 = Release|Any CPU
		{71FD6FBB-8045-4B51-86FB-681E496F35C2}.Debug|Any CPU.ActiveCfg = Debug|Any CPU
		{71FD6FBB-8045-4B51-86FB-681E496F35C2}.Debug|Any CPU.Build.0 = Debug|Any CPU
		{71FD6FBB-8045-4B51-86FB-681E496F35C2}.Release|Any CPU.ActiveCfg = Release|Any CPU
		{71FD6FBB-8045-4B51-86FB-681E496F35C2}.Release|Any CPU.Build.0 = Release|Any CPU
		{23FC9006-C760-4A4F-9482-A1AE6FDDA027}.Debug|Any CPU.ActiveCfg = Debug|Any CPU
		{23FC9006-C760-4A4F-9482-A1AE6FDDA027}.Debug|Any CPU.Build.0 = Debug|Any CPU
		{23FC9006-C760-4A4F-9482-A1AE6FDDA027}.Release|Any CPU.ActiveCfg = Release|Any CPU
		{23FC9006-C760-4A4F-9482-A1AE6FDDA027}.Release|Any CPU.Build.0 = Release|Any CPU
	EndGlobalSection
	GlobalSection(SolutionProperties) = preSolution
		HideSolutionNode = FALSE
	EndGlobalSection
	GlobalSection(ExtensibilityGlobals) = postSolution
		SolutionGuid = {016B13DB-1922-4DA1-818C-448A28B80E24}
	EndGlobalSection
EndGlobal
